
Microsoft Visual Studio Solution File, Format Version 12.00
# Visual Studio Version 16
VisualStudioVersion = 16.0.30717.126
MinimumVisualStudioVersion = 10.0.40219.1
Project("{9A19103F-16F7-4668-BE54-9A1E7A4F7556}") = "GameClientTest", "GameClientTest\GameClientTest.csproj", "{E5CCDDFA-A436-4817-B79A-175C67BAC921}"
EndProject
Project("{FAE04EC0-301F-11D3-BF4B-00C04F79EFBC}") = "GameClient", "GameClient\GameClient.csproj", "{035687B0-B2E8-4CB6-B147-3AB21C3CE16C}"
EndProject
Project("{FAE04EC0-301F-11D3-BF4B-00C04F79EFBC}") = "GameServer", "GameServer\GameServer.csproj", "{977495CA-2C9F-4732-8C9C-980FF36B03F3}"
EndProject
Project("{FAE04EC0-301F-11D3-BF4B-00C04F79EFBC}") = "Tools", "Tools\Tools.csproj", "{0009E6C7-CCD1-45DF-B728-138DE059EAC1}"
EndProject
Project("{FAE04EC0-301F-11D3-BF4B-00C04F79EFBC}") = "Temp", "Temp\Temp.csproj", "{5CF67F49-BC37-4871-983C-5CD868BF807E}"
EndProject
Global
	GlobalSection(SolutionConfigurationPlatforms) = preSolution
		Debug|Any CPU = Debug|Any CPU
		Release|Any CPU = Release|Any CPU
	EndGlobalSection
	GlobalSection(ProjectConfigurationPlatforms) = postSolution
		{E5CCDDFA-A436-4817-B79A-175C67BAC921}.Debug|Any CPU.ActiveCfg = Debug|Any CPU
		{E5CCDDFA-A436-4817-B79A-175C67BAC921}.Debug|Any CPU.Build.0 = Debug|Any CPU
		{E5CCDDFA-A436-4817-B79A-175C67BAC921}.Release|Any CPU.ActiveCfg = Release|Any CPU
		{E5CCDDFA-A436-4817-B79A-175C67BAC921}.Release|Any CPU.Build.0 = Release|Any CPU
		{035687B0-B2E8-4CB6-B147-3AB21C3CE16C}.Debug|Any CPU.ActiveCfg = Debug|Any CPU
		{035687B0-B2E8-4CB6-B147-3AB21C3CE16C}.Debug|Any CPU.Build.0 = Debug|Any CPU
		{035687B0-B2E8-4CB6-B147-3AB21C3CE16C}.Release|Any CPU.ActiveCfg = Release|Any CPU
		{035687B0-B2E8-4CB6-B147-3AB21C3CE16C}.Release|Any CPU.Build.0 = Release|Any CPU
		{977495CA-2C9F-4732-8C9C-980FF36B03F3}.Debug|Any CPU.ActiveCfg = Debug|Any CPU
		{977495CA-2C9F-4732-8C9C-980FF36B03F3}.Debug|Any CPU.Build.0 = Debug|Any CPU
		{977495CA-2C9F-4732-8C9C-980FF36B03F3}.Release|Any CPU.ActiveCfg = Release|Any CPU
		{977495CA-2C9F-4732-8C9C-980FF36B03F3}.Release|Any CPU.Build.0 = Release|Any CPU
		{0009E6C7-CCD1-45DF-B728-138DE059EAC1}.Debug|Any CPU.ActiveCfg = Debug|Any CPU
		{0009E6C7-CCD1-45DF-B728-138DE059EAC1}.Debug|Any CPU.Build.0 = Debug|Any CPU
		{0009E6C7-CCD1-45DF-B728-138DE059EAC1}.Release|Any CPU.ActiveCfg = Release|Any CPU
		{0009E6C7-CCD1-45DF-B728-138DE059EAC1}.Release|Any CPU.Build.0 = Release|Any CPU
		{5CF67F49-BC37-4871-983C-5CD868BF807E}.Debug|Any CPU.ActiveCfg = Debug|Any CPU
		{5CF67F49-BC37-4871-983C-5CD868BF807E}.Debug|Any CPU.Build.0 = Debug|Any CPU
		{5CF67F49-BC37-4871-983C-5CD868BF807E}.Release|Any CPU.ActiveCfg = Release|Any CPU
		{5CF67F49-BC37-4871-983C-5CD868BF807E}.Release|Any CPU.Build.0 = Release|Any CPU
	EndGlobalSection
	GlobalSection(SolutionProperties) = preSolution
		HideSolutionNode = FALSE
	EndGlobalSection
	GlobalSection(ExtensibilityGlobals) = postSolution
		SolutionGuid = {A1E10AD5-7463-496C-A3E8-F5E6B0D0847B}
	EndGlobalSection
EndGlobal
