
Microsoft Visual Studio Solution File, Format Version 12.00
# Visual Studio Version 16
VisualStudioVersion = 16.0.30717.126
MinimumVisualStudioVersion = 10.0.40219.1
Project("{FAE04EC0-301F-11D3-BF4B-00C04F79EFBC}") = "GameClient", "GameClient\GameClient.csproj", "{035687B0-B2E8-4CB6-B147-3AB21C3CE16C}"
EndProject
Project("{FAE04EC0-301F-11D3-BF4B-00C04F79EFBC}") = "GameServer", "GameServer\GameServer.csproj", "{977495CA-2C9F-4732-8C9C-980FF36B03F3}"
EndProject
Project("{FAE04EC0-301F-11D3-BF4B-00C04F79EFBC}") = "Common", "Tools\Common.csproj", "{0009E6C7-CCD1-45DF-B728-138DE059EAC1}"
EndProject
Project("{FAE04EC0-301F-11D3-BF4B-00C04F79EFBC}") = "TFPhysX", "TFPhysX\TFPhysX.csproj", "{688A2B94-2842-4765-9CE3-B28954EBEEE3}"
EndProject
Project("{FAE04EC0-301F-11D3-BF4B-00C04F79EFBC}") = "Sample", "Sample\Sample.csproj", "{773C7D37-B4C4-405B-AF4B-F7668918BF70}"
EndProject
Project("{FAE04EC0-301F-11D3-BF4B-00C04F79EFBC}") = "MainProgram", "BaseFrameWork\MainProgram.csproj", "{33A4964D-7F5E-4D9F-B5FA-DF2B75C1140B}"
EndProject
Global
	GlobalSection(SolutionConfigurationPlatforms) = preSolution
		Debug|Any CPU = Debug|Any CPU
		Debug|x64 = Debug|x64
		Release|Any CPU = Release|Any CPU
		Release|x64 = Release|x64
	EndGlobalSection
	GlobalSection(ProjectConfigurationPlatforms) = postSolution
		{035687B0-B2E8-4CB6-B147-3AB21C3CE16C}.Debug|Any CPU.ActiveCfg = Debug|Any CPU
		{035687B0-B2E8-4CB6-B147-3AB21C3CE16C}.Debug|Any CPU.Build.0 = Debug|Any CPU
		{035687B0-B2E8-4CB6-B147-3AB21C3CE16C}.Debug|x64.ActiveCfg = Debug|Any CPU
		{035687B0-B2E8-4CB6-B147-3AB21C3CE16C}.Debug|x64.Build.0 = Debug|Any CPU
		{035687B0-B2E8-4CB6-B147-3AB21C3CE16C}.Release|Any CPU.ActiveCfg = Release|Any CPU
		{035687B0-B2E8-4CB6-B147-3AB21C3CE16C}.Release|Any CPU.Build.0 = Release|Any CPU
		{035687B0-B2E8-4CB6-B147-3AB21C3CE16C}.Release|x64.ActiveCfg = Release|Any CPU
		{035687B0-B2E8-4CB6-B147-3AB21C3CE16C}.Release|x64.Build.0 = Release|Any CPU
		{977495CA-2C9F-4732-8C9C-980FF36B03F3}.Debug|Any CPU.ActiveCfg = Debug|Any CPU
		{977495CA-2C9F-4732-8C9C-980FF36B03F3}.Debug|Any CPU.Build.0 = Debug|Any CPU
		{977495CA-2C9F-4732-8C9C-980FF36B03F3}.Debug|x64.ActiveCfg = Debug|Any CPU
		{977495CA-2C9F-4732-8C9C-980FF36B03F3}.Debug|x64.Build.0 = Debug|Any CPU
		{977495CA-2C9F-4732-8C9C-980FF36B03F3}.Release|Any CPU.ActiveCfg = Release|Any CPU
		{977495CA-2C9F-4732-8C9C-980FF36B03F3}.Release|Any CPU.Build.0 = Release|Any CPU
		{977495CA-2C9F-4732-8C9C-980FF36B03F3}.Release|x64.ActiveCfg = Release|Any CPU
		{977495CA-2C9F-4732-8C9C-980FF36B03F3}.Release|x64.Build.0 = Release|Any CPU
		{0009E6C7-CCD1-45DF-B728-138DE059EAC1}.Debug|Any CPU.ActiveCfg = Debug|Any CPU
		{0009E6C7-CCD1-45DF-B728-138DE059EAC1}.Debug|Any CPU.Build.0 = Debug|Any CPU
		{0009E6C7-CCD1-45DF-B728-138DE059EAC1}.Debug|x64.ActiveCfg = Debug|Any CPU
		{0009E6C7-CCD1-45DF-B728-138DE059EAC1}.Debug|x64.Build.0 = Debug|Any CPU
		{0009E6C7-CCD1-45DF-B728-138DE059EAC1}.Release|Any CPU.ActiveCfg = Release|Any CPU
		{0009E6C7-CCD1-45DF-B728-138DE059EAC1}.Release|Any CPU.Build.0 = Release|Any CPU
		{0009E6C7-CCD1-45DF-B728-138DE059EAC1}.Release|x64.ActiveCfg = Release|Any CPU
		{0009E6C7-CCD1-45DF-B728-138DE059EAC1}.Release|x64.Build.0 = Release|Any CPU
		{688A2B94-2842-4765-9CE3-B28954EBEEE3}.Debug|Any CPU.ActiveCfg = Debug|Any CPU
		{688A2B94-2842-4765-9CE3-B28954EBEEE3}.Debug|Any CPU.Build.0 = Debug|Any CPU
		{688A2B94-2842-4765-9CE3-B28954EBEEE3}.Debug|x64.ActiveCfg = Debug|x64
		{688A2B94-2842-4765-9CE3-B28954EBEEE3}.Debug|x64.Build.0 = Debug|x64
		{688A2B94-2842-4765-9CE3-B28954EBEEE3}.Release|Any CPU.ActiveCfg = Release|Any CPU
		{688A2B94-2842-4765-9CE3-B28954EBEEE3}.Release|Any CPU.Build.0 = Release|Any CPU
		{688A2B94-2842-4765-9CE3-B28954EBEEE3}.Release|x64.ActiveCfg = Release|x64
		{688A2B94-2842-4765-9CE3-B28954EBEEE3}.Release|x64.Build.0 = Release|x64
		{773C7D37-B4C4-405B-AF4B-F7668918BF70}.Debug|Any CPU.ActiveCfg = Debug|Any CPU
		{773C7D37-B4C4-405B-AF4B-F7668918BF70}.Debug|Any CPU.Build.0 = Debug|Any CPU
		{773C7D37-B4C4-405B-AF4B-F7668918BF70}.Debug|x64.ActiveCfg = Debug|Any CPU
		{773C7D37-B4C4-405B-AF4B-F7668918BF70}.Debug|x64.Build.0 = Debug|Any CPU
		{773C7D37-B4C4-405B-AF4B-F7668918BF70}.Release|Any CPU.ActiveCfg = Release|Any CPU
		{773C7D37-B4C4-405B-AF4B-F7668918BF70}.Release|Any CPU.Build.0 = Release|Any CPU
		{773C7D37-B4C4-405B-AF4B-F7668918BF70}.Release|x64.ActiveCfg = Release|Any CPU
		{773C7D37-B4C4-405B-AF4B-F7668918BF70}.Release|x64.Build.0 = Release|Any CPU
		{33A4964D-7F5E-4D9F-B5FA-DF2B75C1140B}.Debug|Any CPU.ActiveCfg = Debug|Any CPU
		{33A4964D-7F5E-4D9F-B5FA-DF2B75C1140B}.Debug|Any CPU.Build.0 = Debug|Any CPU
		{33A4964D-7F5E-4D9F-B5FA-DF2B75C1140B}.Debug|x64.ActiveCfg = Debug|Any CPU
		{33A4964D-7F5E-4D9F-B5FA-DF2B75C1140B}.Debug|x64.Build.0 = Debug|Any CPU
		{33A4964D-7F5E-4D9F-B5FA-DF2B75C1140B}.Release|Any CPU.ActiveCfg = Release|Any CPU
		{33A4964D-7F5E-4D9F-B5FA-DF2B75C1140B}.Release|Any CPU.Build.0 = Release|Any CPU
		{33A4964D-7F5E-4D9F-B5FA-DF2B75C1140B}.Release|x64.ActiveCfg = Release|Any CPU
		{33A4964D-7F5E-4D9F-B5FA-DF2B75C1140B}.Release|x64.Build.0 = Release|Any CPU
	EndGlobalSection
	GlobalSection(SolutionProperties) = preSolution
		HideSolutionNode = FALSE
	EndGlobalSection
	GlobalSection(ExtensibilityGlobals) = postSolution
		SolutionGuid = {A1E10AD5-7463-496C-A3E8-F5E6B0D0847B}
	EndGlobalSection
EndGlobal
